
Microsoft Visual Studio Solution File, Format Version 12.00
# Visual Studio 15
VisualStudioVersion = 15.0.27703.2026
MinimumVisualStudioVersion = 10.0.40219.1
Project("{FAE04EC0-301F-11D3-BF4B-00C04F79EFBC}") = "DI_check", "DI_check\DI_check.csproj", "{089B8FBD-7922-4587-81B2-FF425D90B949}"
EndProject
Project("{FAE04EC0-301F-11D3-BF4B-00C04F79EFBC}") = "ConsoleHost", "ConsoleHost\ConsoleHost.csproj", "{AAF765FF-8531-4926-A957-88A1AE5EC4D3}"
EndProject
Global
	GlobalSection(SolutionConfigurationPlatforms) = preSolution
		Debug|Any CPU = Debug|Any CPU
		Release|Any CPU = Release|Any CPU
	EndGlobalSection
	GlobalSection(ProjectConfigurationPlatforms) = postSolution
		{089B8FBD-7922-4587-81B2-FF425D90B949}.Debug|Any CPU.ActiveCfg = Debug|Any CPU
		{089B8FBD-7922-4587-81B2-FF425D90B949}.Debug|Any CPU.Build.0 = Debug|Any CPU
		{089B8FBD-7922-4587-81B2-FF425D90B949}.Release|Any CPU.ActiveCfg = Release|Any CPU
		{089B8FBD-7922-4587-81B2-FF425D90B949}.Release|Any CPU.Build.0 = Release|Any CPU
		{AAF765FF-8531-4926-A957-88A1AE5EC4D3}.Debug|Any CPU.ActiveCfg = Debug|Any CPU
		{AAF765FF-8531-4926-A957-88A1AE5EC4D3}.Debug|Any CPU.Build.0 = Debug|Any CPU
		{AAF765FF-8531-4926-A957-88A1AE5EC4D3}.Release|Any CPU.ActiveCfg = Release|Any CPU
		{AAF765FF-8531-4926-A957-88A1AE5EC4D3}.Release|Any CPU.Build.0 = Release|Any CPU
	EndGlobalSection
	GlobalSection(SolutionProperties) = preSolution
		HideSolutionNode = FALSE
	EndGlobalSection
	GlobalSection(ExtensibilityGlobals) = postSolution
		SolutionGuid = {FF1B0697-30C6-485B-8CEC-1352B469FCCB}
	EndGlobalSection
EndGlobal
